<?xml version="1.0" encoding="utf-8"?>
<Project ToolsVersion="4.0" xmlns="http://schemas.microsoft.com/developer/msbuild/2003">
  <ItemGroup>
    <Filter Include="Archivos de código fuente">
      <UniqueIdentifier>{4FC737F1-C7A5-4376-A066-2A32D752A2FF}</UniqueIdentifier>
      <Extensions>cpp;c;cc;cxx;def;odl;idl;hpj;bat;asm;asmx</Extensions>
    </Filter>
    <Filter Include="Archivos de encabezado">
      <UniqueIdentifier>{93995380-89BD-4b04-88EB-625FBE52EBFB}</UniqueIdentifier>
      <Extensions>h;hpp;hxx;hm;inl;inc;xsd</Extensions>
    </Filter>
    <Filter Include="Archivos de recursos">
      <UniqueIdentifier>{67DA6AB6-F800-4c08-8B7A-83BB121AAD01}</UniqueIdentifier>
      <Extensions>rc;ico;cur;bmp;dlg;rc2;rct;bin;rgs;gif;jpg;jpeg;jpe;resx;tiff;tif;png;wav;mfcribbon-ms</Extensions>
    </Filter>
    <Filter Include="Upload">
      <UniqueIdentifier>{a1baf24b-3482-41b5-aac8-dc648edd93e8}</UniqueIdentifier>
    </Filter>
    <Filter Include="Upload\Pastebin">
      <UniqueIdentifier>{eee1149e-61ff-425a-b140-049a4fc6e3eb}</UniqueIdentifier>
    </Filter>
    <Filter Include="Upload\Imageshack">
      <UniqueIdentifier>{f9028526-7e51-4321-97e5-e3511223b041}</UniqueIdentifier>
    </Filter>
    <Filter Include="OperativeSystem">
      <UniqueIdentifier>{fadc4af9-d5cc-480c-97c9-a6fb055340c2}</UniqueIdentifier>
    </Filter>
    <Filter Include="OperativeSystem\Windows">
      <UniqueIdentifier>{f32c6c10-840e-4af4-aa45-edd0fb1c0506}</UniqueIdentifier>
    </Filter>
    <Filter Include="OperativeSystem\Windows\Clipboard">
      <UniqueIdentifier>{64dfd9cd-0323-4cf8-88ea-e1b5cebdbcc1}</UniqueIdentifier>
    </Filter>
    <Filter Include="Temp">
      <UniqueIdentifier>{b8f57ef9-d151-4368-b112-4665a639e170}</UniqueIdentifier>
    </Filter>
  </ItemGroup>
  <ItemGroup>
    <ClInclude Include="stdafx.h">
      <Filter>Archivos de encabezado</Filter>
    </ClInclude>
    <ClInclude Include="resource.h">
      <Filter>Archivos de encabezado</Filter>
    </ClInclude>
    <ClInclude Include="Pastebin.h">
      <Filter>Upload\Pastebin</Filter>
    </ClInclude>
    <ClInclude Include="Imageshack.h">
      <Filter>Upload\Imageshack</Filter>
    </ClInclude>
    <ClInclude Include="Clipboard.h">
      <Filter>OperativeSystem\Windows\Clipboard</Filter>
    </ClInclude>
    <ClInclude Include="Temp.h">
      <Filter>Temp</Filter>
    </ClInclude>
    <ClInclude Include="HttpClient.h">
      <Filter>Upload</Filter>
    </ClInclude>
  </ItemGroup>
  <ItemGroup>
    <ClCompile Include="stdafx.cpp">
      <Filter>Archivos de código fuente</Filter>
    </ClCompile>
    <ClCompile Include="Pastebin.cpp">
      <Filter>Upload\Pastebin</Filter>
    </ClCompile>
    <ClCompile Include="Imageshack.cpp">
      <Filter>Upload\Imageshack</Filter>
    </ClCompile>
    <ClCompile Include="Clipboard.cpp">
      <Filter>OperativeSystem\Windows\Clipboard</Filter>
    </ClCompile>
    <ClCompile Include="Temp.cpp">
      <Filter>Temp</Filter>
    </ClCompile>
    <ClCompile Include="ClipboardUploader.cpp">
      <Filter>Archivos de código fuente</Filter>
    </ClCompile>
    <ClCompile Include="HttpClient.cpp">
      <Filter>Upload</Filter>
    </ClCompile>
  </ItemGroup>
  <ItemGroup>
    <ResourceCompile Include="ClipboardUploader.rc">
      <Filter>Archivos de recursos</Filter>
    </ResourceCompile>
  </ItemGroup>
  <ItemGroup>
    <None Include="Clipboard.ico">
      <Filter>Archivos de recursos</Filter>
    </None>
  </ItemGroup>
</Project>