
Microsoft Visual Studio Solution File, Format Version 12.00
# Visual Studio 15
VisualStudioVersion = 15.0.28010.2016
MinimumVisualStudioVersion = 10.0.40219.1
Project("{8BC9CEB8-8B4A-11D0-8D11-00A0C91BC942}") = "ClipboardUploader", "ClipboardUploader.vcxproj", "{2722BBA3-563B-4A5E-B84D-10F9A6FDD0DB}"
EndProject
Global
	GlobalSection(SolutionConfigurationPlatforms) = preSolution
		Debug|Win32 = Debug|Win32
		Debug|x64 = Debug|x64
		Release|Win32 = Release|Win32
		Release|x64 = Release|x64
	EndGlobalSection
	GlobalSection(ProjectConfigurationPlatforms) = postSolution
		{2722BBA3-563B-4A5E-B84D-10F9A6FDD0DB}.Debug|Win32.ActiveCfg = Debug|Win32
		{2722BBA3-563B-4A5E-B84D-10F9A6FDD0DB}.Debug|Win32.Build.0 = Debug|Win32
		{2722BBA3-563B-4A5E-B84D-10F9A6FDD0DB}.Debug|x64.ActiveCfg = Debug|x64
		{2722BBA3-563B-4A5E-B84D-10F9A6FDD0DB}.Debug|x64.Build.0 = Debug|x64
		{2722BBA3-563B-4A5E-B84D-10F9A6FDD0DB}.Release|Win32.ActiveCfg = Release|Win32
		{2722BBA3-563B-4A5E-B84D-10F9A6FDD0DB}.Release|Win32.Build.0 = Release|Win32
		{2722BBA3-563B-4A5E-B84D-10F9A6FDD0DB}.Release|x64.ActiveCfg = Release|x64
		{2722BBA3-563B-4A5E-B84D-10F9A6FDD0DB}.Release|x64.Build.0 = Release|x64
	EndGlobalSection
	GlobalSection(SolutionProperties) = preSolution
		HideSolutionNode = FALSE
	EndGlobalSection
	GlobalSection(ExtensibilityGlobals) = postSolution
		SolutionGuid = {FC105D9A-80F9-4EF1-85B5-F7D4DD458EA8}
	EndGlobalSection
EndGlobal
